
Microsoft Visual Studio Solution File, Format Version 12.00
# Visual Studio Version 16
VisualStudioVersion = 16.0.28729.10
MinimumVisualStudioVersion = 10.0.40219.1
Project("{FAE04EC0-301F-11D3-BF4B-00C04F79EFBC}") = "Serko.Expenses", "Serko.Expenses\Serko.Expenses.csproj", "{91D52C46-F013-473A-B581-3189CE1B0E47}"
EndProject
Global
	GlobalSection(SolutionConfigurationPlatforms) = preSolution
		Debug|Any CPU = Debug|Any CPU
		Release|Any CPU = Release|Any CPU
	EndGlobalSection
	GlobalSection(ProjectConfigurationPlatforms) = postSolution
		{91D52C46-F013-473A-B581-3189CE1B0E47}.Debug|Any CPU.ActiveCfg = Debug|Any CPU
		{91D52C46-F013-473A-B581-3189CE1B0E47}.Debug|Any CPU.Build.0 = Debug|Any CPU
		{91D52C46-F013-473A-B581-3189CE1B0E47}.Release|Any CPU.ActiveCfg = Release|Any CPU
		{91D52C46-F013-473A-B581-3189CE1B0E47}.Release|Any CPU.Build.0 = Release|Any CPU
	EndGlobalSection
	GlobalSection(SolutionProperties) = preSolution
		HideSolutionNode = FALSE
	EndGlobalSection
	GlobalSection(ExtensibilityGlobals) = postSolution
		SolutionGuid = {2850DD40-C803-4B67-8185-95D507AD1303}
	EndGlobalSection
EndGlobal
